
Microsoft Visual Studio Solution File, Format Version 12.00
# Visual Studio Version 16
VisualStudioVersion = 16.0.30523.141
MinimumVisualStudioVersion = 10.0.40219.1
Project("{FAE04EC0-301F-11D3-BF4B-00C04F79EFBC}") = "Notes", "Notes\Notes.csproj", "{C04957C4-3442-449D-A3C6-B1C3A285E332}"
EndProject
Global
	GlobalSection(SolutionConfigurationPlatforms) = preSolution
		Debug|Any CPU = Debug|Any CPU
		Release|Any CPU = Release|Any CPU
	EndGlobalSection
	GlobalSection(ProjectConfigurationPlatforms) = postSolution
		{C04957C4-3442-449D-A3C6-B1C3A285E332}.Debug|Any CPU.ActiveCfg = Debug|Any CPU
		{C04957C4-3442-449D-A3C6-B1C3A285E332}.Debug|Any CPU.Build.0 = Debug|Any CPU
		{C04957C4-3442-449D-A3C6-B1C3A285E332}.Release|Any CPU.ActiveCfg = Release|Any CPU
		{C04957C4-3442-449D-A3C6-B1C3A285E332}.Release|Any CPU.Build.0 = Release|Any CPU
	EndGlobalSection
	GlobalSection(SolutionProperties) = preSolution
		HideSolutionNode = FALSE
	EndGlobalSection
	GlobalSection(ExtensibilityGlobals) = postSolution
		SolutionGuid = {39E9D7DA-A518-40A0-B234-3C58036A8E1F}
	EndGlobalSection
EndGlobal
